// !$*UTF8*$!
{
	archiveVersion = 1;
	classes = {
	};
	objectVersion = 50;
	objects = {

/* Begin PBXBuildFile section */
		F371308623AD5B8D00420E3E /* Layout.swift in Sources */ = {isa = PBXBuildFile; fileRef = F371308523AD5B8D00420E3E /* Layout.swift */; };
		F3812E2323A96E1A00A15BCF /* AppDelegate.swift in Sources */ = {isa = PBXBuildFile; fileRef = F3812E2223A96E1A00A15BCF /* AppDelegate.swift */; };
		F3812E2523A96E1A00A15BCF /* ViewController.swift in Sources */ = {isa = PBXBuildFile; fileRef = F3812E2423A96E1A00A15BCF /* ViewController.swift */; };
		F3812E2823A96E1A00A15BCF /* Main.storyboard in Resources */ = {isa = PBXBuildFile; fileRef = F3812E2623A96E1A00A15BCF /* Main.storyboard */; };
		F3812E2A23A96E1B00A15BCF /* Assets.xcassets in Resources */ = {isa = PBXBuildFile; fileRef = F3812E2923A96E1B00A15BCF /* Assets.xcassets */; };
		F3812E2D23A96E1B00A15BCF /* LaunchScreen.storyboard in Resources */ = {isa = PBXBuildFile; fileRef = F3812E2B23A96E1B00A15BCF /* LaunchScreen.storyboard */; };
		F3D019D223C519F900E39CC1 /* ThirstySoftRegular.otf in Resources */ = {isa = PBXBuildFile; fileRef = F3DCF94E23ABD7AA00EF48AD /* ThirstySoftRegular.otf */; };
		F3D019D323C519FC00E39CC1 /* Delm-Medium.otf in Resources */ = {isa = PBXBuildFile; fileRef = F3DCF94F23ABD7AC00EF48AD /* Delm-Medium.otf */; };
		F3DCF95223ABD8E600EF48AD /* Default-568h@2x.png in Resources */ = {isa = PBXBuildFile; fileRef = F3DCF95123ABD8E600EF48AD /* Default-568h@2x.png */; };
/* End PBXBuildFile section */

/* Begin PBXFileReference section */
		F371308223AD4DB200420E3E /* Info.plist */ = {isa = PBXFileReference; fileEncoding = 4; lastKnownFileType = text.plist.xml; path = Info.plist; sourceTree = "<group>"; };
		F371308523AD5B8D00420E3E /* Layout.swift */ = {isa = PBXFileReference; lastKnownFileType = sourcecode.swift; path = Layout.swift; sourceTree = "<group>"; };
		F3812E1F23A96E1A00A15BCF /* Instagrid.app */ = {isa = PBXFileReference; explicitFileType = wrapper.application; includeInIndex = 0; path = Instagrid.app; sourceTree = BUILT_PRODUCTS_DIR; };
		F3812E2223A96E1A00A15BCF /* AppDelegate.swift */ = {isa = PBXFileReference; lastKnownFileType = sourcecode.swift; path = AppDelegate.swift; sourceTree = "<group>"; };
		F3812E2423A96E1A00A15BCF /* ViewController.swift */ = {isa = PBXFileReference; lastKnownFileType = sourcecode.swift; path = ViewController.swift; sourceTree = "<group>"; };
		F3812E2723A96E1A00A15BCF /* Base */ = {isa = PBXFileReference; lastKnownFileType = file.storyboard; name = Base; path = Base.lproj/Main.storyboard; sourceTree = "<group>"; };
		F3812E2923A96E1B00A15BCF /* Assets.xcassets */ = {isa = PBXFileReference; lastKnownFileType = folder.assetcatalog; path = Assets.xcassets; sourceTree = "<group>"; };
		F3812E2C23A96E1B00A15BCF /* Base */ = {isa = PBXFileReference; lastKnownFileType = file.storyboard; name = Base; path = Base.lproj/LaunchScreen.storyboard; sourceTree = "<group>"; };
		F3DCF94E23ABD7AA00EF48AD /* ThirstySoftRegular.otf */ = {isa = PBXFileReference; lastKnownFileType = file; path = ThirstySoftRegular.otf; sourceTree = "<group>"; };
		F3DCF94F23ABD7AC00EF48AD /* Delm-Medium.otf */ = {isa = PBXFileReference; lastKnownFileType = file; path = "Delm-Medium.otf"; sourceTree = "<group>"; };
		F3DCF95123ABD8E600EF48AD /* Default-568h@2x.png */ = {isa = PBXFileReference; lastKnownFileType = image.png; path = "Default-568h@2x.png"; sourceTree = "<group>"; };
/* End PBXFileReference section */

/* Begin PBXFrameworksBuildPhase section */
		F3812E1C23A96E1900A15BCF /* Frameworks */ = {
			isa = PBXFrameworksBuildPhase;
			buildActionMask = 2147483647;
			files = (
			);
			runOnlyForDeploymentPostprocessing = 0;
		};
/* End PBXFrameworksBuildPhase section */

/* Begin PBXGroup section */
		F3812E1623A96E1900A15BCF = {
			isa = PBXGroup;
			children = (
				F3DCF95123ABD8E600EF48AD /* Default-568h@2x.png */,
				F3812E2123A96E1A00A15BCF /* Instagrid */,
				F3812E2023A96E1A00A15BCF /* Products */,
			);
			sourceTree = "<group>";
		};
		F3812E2023A96E1A00A15BCF /* Products */ = {
			isa = PBXGroup;
			children = (
				F3812E1F23A96E1A00A15BCF /* Instagrid.app */,
			);
			name = Products;
			sourceTree = "<group>";
		};
		F3812E2123A96E1A00A15BCF /* Instagrid */ = {
			isa = PBXGroup;
			children = (
				F3DCF94D23ABD73B00EF48AD /* Supporting files */,
				F3DCF94A23ABD71100EF48AD /* Model */,
				F3DCF94B23ABD71E00EF48AD /* View */,
				F3DCF94C23ABD72E00EF48AD /* Controller */,
			);
			path = Instagrid;
			sourceTree = "<group>";
		};
		F3DCF94A23ABD71100EF48AD /* Model */ = {
			isa = PBXGroup;
			children = (
				F371308523AD5B8D00420E3E /* Layout.swift */,
			);
			path = Model;
			sourceTree = "<group>";
		};
		F3DCF94B23ABD71E00EF48AD /* View */ = {
			isa = PBXGroup;
			children = (
				F3812E2B23A96E1B00A15BCF /* LaunchScreen.storyboard */,
				F3812E2623A96E1A00A15BCF /* Main.storyboard */,
			);
			path = View;
			sourceTree = "<group>";
		};
		F3DCF94C23ABD72E00EF48AD /* Controller */ = {
			isa = PBXGroup;
			children = (
				F3812E2423A96E1A00A15BCF /* ViewController.swift */,
			);
			path = Controller;
			sourceTree = "<group>";
		};
		F3DCF94D23ABD73B00EF48AD /* Supporting files */ = {
			isa = PBXGroup;
			children = (
				F371308223AD4DB200420E3E /* Info.plist */,
				F3812E2223A96E1A00A15BCF /* AppDelegate.swift */,
				F3DCF94E23ABD7AA00EF48AD /* ThirstySoftRegular.otf */,
				F3DCF94F23ABD7AC00EF48AD /* Delm-Medium.otf */,
				F3812E2923A96E1B00A15BCF /* Assets.xcassets */,
			);
			path = "Supporting files";
			sourceTree = "<group>";
		};
/* End PBXGroup section */

/* Begin PBXNativeTarget section */
		F3812E1E23A96E1900A15BCF /* Instagrid */ = {
			isa = PBXNativeTarget;
			buildConfigurationList = F3812E3123A96E1B00A15BCF /* Build configuration list for PBXNativeTarget "Instagrid" */;
			buildPhases = (
				F3812E1B23A96E1900A15BCF /* Sources */,
				F3812E1C23A96E1900A15BCF /* Frameworks */,
				F3812E1D23A96E1900A15BCF /* Resources */,
			);
			buildRules = (
			);
			dependencies = (
			);
			name = Instagrid;
			productName = Instagrid;
			productReference = F3812E1F23A96E1A00A15BCF /* Instagrid.app */;
			productType = "com.apple.product-type.application";
		};
/* End PBXNativeTarget section */

/* Begin PBXProject section */
		F3812E1723A96E1900A15BCF /* Project object */ = {
			isa = PBXProject;
			attributes = {
				LastSwiftUpdateCheck = 1030;
				LastUpgradeCheck = 1030;
				ORGANIZATIONNAME = "SAKA Ridvan";
				TargetAttributes = {
					F3812E1E23A96E1900A15BCF = {
						CreatedOnToolsVersion = 10.3;
					};
				};
			};
			buildConfigurationList = F3812E1A23A96E1900A15BCF /* Build configuration list for PBXProject "Instagrid" */;
			compatibilityVersion = "Xcode 9.3";
			developmentRegion = en;
			hasScannedForEncodings = 0;
			knownRegions = (
				en,
				Base,
			);
			mainGroup = F3812E1623A96E1900A15BCF;
			productRefGroup = F3812E2023A96E1A00A15BCF /* Products */;
			projectDirPath = "";
			projectRoot = "";
			targets = (
				F3812E1E23A96E1900A15BCF /* Instagrid */,
			);
		};
/* End PBXProject section */

/* Begin PBXResourcesBuildPhase section */
		F3812E1D23A96E1900A15BCF /* Resources */ = {
			isa = PBXResourcesBuildPhase;
			buildActionMask = 2147483647;
			files = (
				F3812E2D23A96E1B00A15BCF /* LaunchScreen.storyboard in Resources */,
				F3DCF95223ABD8E600EF48AD /* Default-568h@2x.png in Resources */,
				F3D019D323C519FC00E39CC1 /* Delm-Medium.otf in Resources */,
				F3D019D223C519F900E39CC1 /* ThirstySoftRegular.otf in Resources */,
				F3812E2A23A96E1B00A15BCF /* Assets.xcassets in Resources */,
				F3812E2823A96E1A00A15BCF /* Main.storyboard in Resources */,
			);
			runOnlyForDeploymentPostprocessing = 0;
		};
/* End PBXResourcesBuildPhase section */

/* Begin PBXSourcesBuildPhase section */
		F3812E1B23A96E1900A15BCF /* Sources */ = {
			isa = PBXSourcesBuildPhase;
			buildActionMask = 2147483647;
			files = (
				F3812E2523A96E1A00A15BCF /* ViewController.swift in Sources */,
				F3812E2323A96E1A00A15BCF /* AppDelegate.swift in Sources */,
				F371308623AD5B8D00420E3E /* Layout.swift in Sources */,
			);
			runOnlyForDeploymentPostprocessing = 0;
		};
/* End PBXSourcesBuildPhase section */

/* Begin PBXVariantGroup section */
		F3812E2623A96E1A00A15BCF /* Main.storyboard */ = {
			isa = PBXVariantGroup;
			children = (
				F3812E2723A96E1A00A15BCF /* Base */,
			);
			name = Main.storyboard;
			sourceTree = "<group>";
		};
		F3812E2B23A96E1B00A15BCF /* LaunchScreen.storyboard */ = {
			isa = PBXVariantGroup;
			children = (
				F3812E2C23A96E1B00A15BCF /* Base */,
			);
			name = LaunchScreen.storyboard;
			sourceTree = "<group>";
		};
/* End PBXVariantGroup section */

/* Begin XCBuildConfiguration section */
		F3812E2F23A96E1B00A15BCF /* Debug */ = {
			isa = XCBuildConfiguration;
			buildSettings = {
				ALWAYS_SEARCH_USER_PATHS = NO;
				CLANG_ANALYZER_NONNULL = YES;
				CLANG_ANALYZER_NUMBER_OBJECT_CONVERSION = YES_AGGRESSIVE;
				CLANG_CXX_LANGUAGE_STANDARD = "gnu++14";
				CLANG_CXX_LIBRARY = "libc++";
				CLANG_ENABLE_MODULES = YES;
				CLANG_ENABLE_OBJC_ARC = YES;
				CLANG_ENABLE_OBJC_WEAK = YES;
				CLANG_WARN_BLOCK_CAPTURE_AUTORELEASING = YES;
				CLANG_WARN_BOOL_CONVERSION = YES;
				CLANG_WARN_COMMA = YES;
				CLANG_WARN_CONSTANT_CONVERSION = YES;
				CLANG_WARN_DEPRECATED_OBJC_IMPLEMENTATIONS = YES;
				CLANG_WARN_DIRECT_OBJC_ISA_USAGE = YES_ERROR;
				CLANG_WARN_DOCUMENTATION_COMMENTS = YES;
				CLANG_WARN_EMPTY_BODY = YES;
				CLANG_WARN_ENUM_CONVERSION = YES;
				CLANG_WARN_INFINITE_RECURSION = YES;
				CLANG_WARN_INT_CONVERSION = YES;
				CLANG_WARN_NON_LITERAL_NULL_CONVERSION = YES;
				CLANG_WARN_OBJC_IMPLICIT_RETAIN_SELF = YES;
				CLANG_WARN_OBJC_LITERAL_CONVERSION = YES;
				CLANG_WARN_OBJC_ROOT_CLASS = YES_ERROR;
				CLANG_WARN_RANGE_LOOP_ANALYSIS = YES;
				CLANG_WARN_STRICT_PROTOTYPES = YES;
				CLANG_WARN_SUSPICIOUS_MOVE = YES;
				CLANG_WARN_UNGUARDED_AVAILABILITY = YES_AGGRESSIVE;
				CLANG_WARN_UNREACHABLE_CODE = YES;
				CLANG_WARN__DUPLICATE_METHOD_MATCH = YES;
				CODE_SIGN_IDENTITY = "iPhone Developer";
				COPY_PHASE_STRIP = NO;
				DEBUG_INFORMATION_FORMAT = dwarf;
				ENABLE_STRICT_OBJC_MSGSEND = YES;
				ENABLE_TESTABILITY = YES;
				GCC_C_LANGUAGE_STANDARD = gnu11;
				GCC_DYNAMIC_NO_PIC = NO;
				GCC_NO_COMMON_BLOCKS = YES;
				GCC_OPTIMIZATION_LEVEL = 0;
				GCC_PREPROCESSOR_DEFINITIONS = (
					"DEBUG=1",
					"$(inherited)",
				);
				GCC_WARN_64_TO_32_BIT_CONVERSION = YES;
				GCC_WARN_ABOUT_RETURN_TYPE = YES_ERROR;
				GCC_WARN_UNDECLARED_SELECTOR = YES;
				GCC_WARN_UNINITIALIZED_AUTOS = YES_AGGRESSIVE;
				GCC_WARN_UNUSED_FUNCTION = YES;
				GCC_WARN_UNUSED_VARIABLE = YES;
				IPHONEOS_DEPLOYMENT_TARGET = 11.0;
				MTL_ENABLE_DEBUG_INFO = INCLUDE_SOURCE;
				MTL_FAST_MATH = YES;
				ONLY_ACTIVE_ARCH = YES;
				SDKROOT = iphoneos;
				SWIFT_ACTIVE_COMPILATION_CONDITIONS = DEBUG;
				SWIFT_OPTIMIZATION_LEVEL = "-Onone";
			};
			name = Debug;
		};
		F3812E3023A96E1B00A15BCF /* Release */ = {
			isa = XCBuildConfiguration;
			buildSettings = {
				ALWAYS_SEARCH_USER_PATHS = NO;
				CLANG_ANALYZER_NONNULL = YES;
				CLANG_ANALYZER_NUMBER_OBJECT_CONVERSION = YES_AGGRESSIVE;
				CLANG_CXX_LANGUAGE_STANDARD = "gnu++14";
				CLANG_CXX_LIBRARY = "libc++";
				CLANG_ENABLE_MODULES = YES;
				CLANG_ENABLE_OBJC_ARC = YES;
				CLANG_ENABLE_OBJC_WEAK = YES;
				CLANG_WARN_BLOCK_CAPTURE_AUTORELEASING = YES;
				CLANG_WARN_BOOL_CONVERSION = YES;
				CLANG_WARN_COMMA = YES;
				CLANG_WARN_CONSTANT_CONVERSION = YES;
				CLANG_WARN_DEPRECATED_OBJC_IMPLEMENTATIONS = YES;
				CLANG_WARN_DIRECT_OBJC_ISA_USAGE = YES_ERROR;
				CLANG_WARN_DOCUMENTATION_COMMENTS = YES;
				CLANG_WARN_EMPTY_BODY = YES;
				CLANG_WARN_ENUM_CONVERSION = YES;
				CLANG_WARN_INFINITE_RECURSION = YES;
				CLANG_WARN_INT_CONVERSION = YES;
				CLANG_WARN_NON_LITERAL_NULL_CONVERSION = YES;
				CLANG_WARN_OBJC_IMPLICIT_RETAIN_SELF = YES;
				CLANG_WARN_OBJC_LITERAL_CONVERSION = YES;
				CLANG_WARN_OBJC_ROOT_CLASS = YES_ERROR;
				CLANG_WARN_RANGE_LOOP_ANALYSIS = YES;
				CLANG_WARN_STRICT_PROTOTYPES = YES;
				CLANG_WARN_SUSPICIOUS_MOVE = YES;
				CLANG_WARN_UNGUARDED_AVAILABILITY = YES_AGGRESSIVE;
				CLANG_WARN_UNREACHABLE_CODE = YES;
				CLANG_WARN__DUPLICATE_METHOD_MATCH = YES;
				CODE_SIGN_IDENTITY = "iPhone Developer";
				COPY_PHASE_STRIP = NO;
				DEBUG_INFORMATION_FORMAT = "dwarf-with-dsym";
				ENABLE_NS_ASSERTIONS = NO;
				ENABLE_STRICT_OBJC_MSGSEND = YES;
				GCC_C_LANGUAGE_STANDARD = gnu11;
				GCC_NO_COMMON_BLOCKS = YES;
				GCC_WARN_64_TO_32_BIT_CONVERSION = YES;
				GCC_WARN_ABOUT_RETURN_TYPE = YES_ERROR;
				GCC_WARN_UNDECLARED_SELECTOR = YES;
				GCC_WARN_UNINITIALIZED_AUTOS = YES_AGGRESSIVE;
				GCC_WARN_UNUSED_FUNCTION = YES;
				GCC_WARN_UNUSED_VARIABLE = YES;
				IPHONEOS_DEPLOYMENT_TARGET = 11.0;
				MTL_ENABLE_DEBUG_INFO = NO;
				MTL_FAST_MATH = YES;
				SDKROOT = iphoneos;
				SWIFT_COMPILATION_MODE = wholemodule;
				SWIFT_OPTIMIZATION_LEVEL = "-O";
				VALIDATE_PRODUCT = YES;
			};
			name = Release;
		};
		F3812E3223A96E1B00A15BCF /* Debug */ = {
			isa = XCBuildConfiguration;
			buildSettings = {
				ASSETCATALOG_COMPILER_APPICON_NAME = AppIcon;
				CODE_SIGN_STYLE = Automatic;
				DEVELOPMENT_TEAM = YJK3B3ZHVC;
				INFOPLIST_FILE = "Instagrid/Supporting files/Info.plist";
				IPHONEOS_DEPLOYMENT_TARGET = 11.0;
				LD_RUNPATH_SEARCH_PATHS = (
					"$(inherited)",
					"@executable_path/Frameworks",
				);
				PRODUCT_BUNDLE_IDENTIFIER = com.ridvan.saka.Instagrid;
				PRODUCT_NAME = "$(TARGET_NAME)";
				SWIFT_VERSION = 5.0;
				TARGETED_DEVICE_FAMILY = 1;
			};
			name = Debug;
		};
		F3812E3323A96E1B00A15BCF /* Release */ = {
			isa = XCBuildConfiguration;
			buildSettings = {
				ASSETCATALOG_COMPILER_APPICON_NAME = AppIcon;
				CODE_SIGN_STYLE = Automatic;
				DEVELOPMENT_TEAM = YJK3B3ZHVC;
				INFOPLIST_FILE = "Instagrid/Supporting files/Info.plist";
				IPHONEOS_DEPLOYMENT_TARGET = 11.0;
				LD_RUNPATH_SEARCH_PATHS = (
					"$(inherited)",
					"@executable_path/Frameworks",
				);
				PRODUCT_BUNDLE_IDENTIFIER = com.ridvan.saka.Instagrid;
				PRODUCT_NAME = "$(TARGET_NAME)";
				SWIFT_VERSION = 5.0;
				TARGETED_DEVICE_FAMILY = 1;
			};
			name = Release;
		};
/* End XCBuildConfiguration section */

/* Begin XCConfigurationList section */
		F3812E1A23A96E1900A15BCF /* Build configuration list for PBXProject "Instagrid" */ = {
			isa = XCConfigurationList;
			buildConfigurations = (
				F3812E2F23A96E1B00A15BCF /* Debug */,
				F3812E3023A96E1B00A15BCF /* Release */,
			);
			defaultConfigurationIsVisible = 0;
			defaultConfigurationName = Release;
		};
		F3812E3123A96E1B00A15BCF /* Build configuration list for PBXNativeTarget "Instagrid" */ = {
			isa = XCConfigurationList;
			buildConfigurations = (
				F3812E3223A96E1B00A15BCF /* Debug */,
				F3812E3323A96E1B00A15BCF /* Release */,
			);
			defaultConfigurationIsVisible = 0;
			defaultConfigurationName = Release;
		};
/* End XCConfigurationList section */
	};
	rootObject = F3812E1723A96E1900A15BCF /* Project object */;
}
